// !$*UTF8*$!
{
	archiveVersion = 1;
	classes = {
	};
	objectVersion = 46;
	objects = {

/* Begin PBXBuildFile section */
		764C36F11EBC832A00B7E9B9 /* AppDelegate.swift in Sources */ = {isa = PBXBuildFile; fileRef = 764C36F01EBC832A00B7E9B9 /* AppDelegate.swift */; };
		764C36F31EBC832A00B7E9B9 /* ViewController.swift in Sources */ = {isa = PBXBuildFile; fileRef = 764C36F21EBC832A00B7E9B9 /* ViewController.swift */; };
		764C36F61EBC832A00B7E9B9 /* Main.storyboard in Resources */ = {isa = PBXBuildFile; fileRef = 764C36F41EBC832A00B7E9B9 /* Main.storyboard */; };
		764C36F81EBC832A00B7E9B9 /* Assets.xcassets in Resources */ = {isa = PBXBuildFile; fileRef = 764C36F71EBC832A00B7E9B9 /* Assets.xcassets */; };
		764C36FB1EBC832A00B7E9B9 /* LaunchScreen.storyboard in Resources */ = {isa = PBXBuildFile; fileRef = 764C36F91EBC832A00B7E9B9 /* LaunchScreen.storyboard */; };
		76EB03931EBC8EDB00EFB3B3 /* gif1.gif in Resources */ = {isa = PBXBuildFile; fileRef = 76EB038E1EBC8EDB00EFB3B3 /* gif1.gif */; };
		76EB03941EBC8EDB00EFB3B3 /* gif2.gif in Resources */ = {isa = PBXBuildFile; fileRef = 76EB038F1EBC8EDB00EFB3B3 /* gif2.gif */; };
		76EB03951EBC8EDB00EFB3B3 /* gif3.gif in Resources */ = {isa = PBXBuildFile; fileRef = 76EB03901EBC8EDB00EFB3B3 /* gif3.gif */; };
		76EB03961EBC8EDB00EFB3B3 /* gif4.gif in Resources */ = {isa = PBXBuildFile; fileRef = 76EB03911EBC8EDB00EFB3B3 /* gif4.gif */; };
		76EB03971EBC8EDB00EFB3B3 /* gif5.gif in Resources */ = {isa = PBXBuildFile; fileRef = 76EB03921EBC8EDB00EFB3B3 /* gif5.gif */; };
		76EB039A1EBC938E00EFB3B3 /* gif6.gif in Resources */ = {isa = PBXBuildFile; fileRef = 76EB03981EBC938E00EFB3B3 /* gif6.gif */; };
		76EB039B1EBC938E00EFB3B3 /* gif7.gif in Resources */ = {isa = PBXBuildFile; fileRef = 76EB03991EBC938E00EFB3B3 /* gif7.gif */; };
/* End PBXBuildFile section */

/* Begin PBXFileReference section */
		764C36ED1EBC832A00B7E9B9 /* GIF Notifications.app */ = {isa = PBXFileReference; explicitFileType = wrapper.application; includeInIndex = 0; path = "GIF Notifications.app"; sourceTree = BUILT_PRODUCTS_DIR; };
		764C36F01EBC832A00B7E9B9 /* AppDelegate.swift */ = {isa = PBXFileReference; lastKnownFileType = sourcecode.swift; path = AppDelegate.swift; sourceTree = "<group>"; };
		764C36F21EBC832A00B7E9B9 /* ViewController.swift */ = {isa = PBXFileReference; lastKnownFileType = sourcecode.swift; path = ViewController.swift; sourceTree = "<group>"; };
		764C36F51EBC832A00B7E9B9 /* Base */ = {isa = PBXFileReference; lastKnownFileType = file.storyboard; name = Base; path = Base.lproj/Main.storyboard; sourceTree = "<group>"; };
		764C36F71EBC832A00B7E9B9 /* Assets.xcassets */ = {isa = PBXFileReference; lastKnownFileType = folder.assetcatalog; path = Assets.xcassets; sourceTree = "<group>"; };
		764C36FA1EBC832A00B7E9B9 /* Base */ = {isa = PBXFileReference; lastKnownFileType = file.storyboard; name = Base; path = Base.lproj/LaunchScreen.storyboard; sourceTree = "<group>"; };
		764C36FC1EBC832A00B7E9B9 /* Info.plist */ = {isa = PBXFileReference; lastKnownFileType = text.plist.xml; path = Info.plist; sourceTree = "<group>"; };
		76EB038E1EBC8EDB00EFB3B3 /* gif1.gif */ = {isa = PBXFileReference; lastKnownFileType = image.gif; path = gif1.gif; sourceTree = "<group>"; };
		76EB038F1EBC8EDB00EFB3B3 /* gif2.gif */ = {isa = PBXFileReference; lastKnownFileType = image.gif; path = gif2.gif; sourceTree = "<group>"; };
		76EB03901EBC8EDB00EFB3B3 /* gif3.gif */ = {isa = PBXFileReference; lastKnownFileType = image.gif; path = gif3.gif; sourceTree = "<group>"; };
		76EB03911EBC8EDB00EFB3B3 /* gif4.gif */ = {isa = PBXFileReference; lastKnownFileType = image.gif; path = gif4.gif; sourceTree = "<group>"; };
		76EB03921EBC8EDB00EFB3B3 /* gif5.gif */ = {isa = PBXFileReference; lastKnownFileType = image.gif; path = gif5.gif; sourceTree = "<group>"; };
		76EB03981EBC938E00EFB3B3 /* gif6.gif */ = {isa = PBXFileReference; lastKnownFileType = image.gif; path = gif6.gif; sourceTree = "<group>"; };
		76EB03991EBC938E00EFB3B3 /* gif7.gif */ = {isa = PBXFileReference; lastKnownFileType = image.gif; path = gif7.gif; sourceTree = "<group>"; };
/* End PBXFileReference section */

/* Begin PBXFrameworksBuildPhase section */
		764C36EA1EBC832A00B7E9B9 /* Frameworks */ = {
			isa = PBXFrameworksBuildPhase;
			buildActionMask = 2147483647;
			files = (
			);
			runOnlyForDeploymentPostprocessing = 0;
		};
/* End PBXFrameworksBuildPhase section */

/* Begin PBXGroup section */
		764C36E41EBC832A00B7E9B9 = {
			isa = PBXGroup;
			children = (
				764C36EF1EBC832A00B7E9B9 /* GIF Notifications */,
				764C36EE1EBC832A00B7E9B9 /* Products */,
			);
			sourceTree = "<group>";
		};
		764C36EE1EBC832A00B7E9B9 /* Products */ = {
			isa = PBXGroup;
			children = (
				764C36ED1EBC832A00B7E9B9 /* GIF Notifications.app */,
			);
			name = Products;
			sourceTree = "<group>";
		};
		764C36EF1EBC832A00B7E9B9 /* GIF Notifications */ = {
			isa = PBXGroup;
			children = (
				764C36F01EBC832A00B7E9B9 /* AppDelegate.swift */,
				764C36F21EBC832A00B7E9B9 /* ViewController.swift */,
				764C36F41EBC832A00B7E9B9 /* Main.storyboard */,
				764C36F71EBC832A00B7E9B9 /* Assets.xcassets */,
				764C36F91EBC832A00B7E9B9 /* LaunchScreen.storyboard */,
				764C36FC1EBC832A00B7E9B9 /* Info.plist */,
				76EB038E1EBC8EDB00EFB3B3 /* gif1.gif */,
				76EB038F1EBC8EDB00EFB3B3 /* gif2.gif */,
				76EB03901EBC8EDB00EFB3B3 /* gif3.gif */,
				76EB03911EBC8EDB00EFB3B3 /* gif4.gif */,
				76EB03921EBC8EDB00EFB3B3 /* gif5.gif */,
				76EB03981EBC938E00EFB3B3 /* gif6.gif */,
				76EB03991EBC938E00EFB3B3 /* gif7.gif */,
			);
			path = "GIF Notifications";
			sourceTree = "<group>";
		};
/* End PBXGroup section */

/* Begin PBXNativeTarget section */
		764C36EC1EBC832A00B7E9B9 /* GIF Notifications */ = {
			isa = PBXNativeTarget;
			buildConfigurationList = 764C36FF1EBC832A00B7E9B9 /* Build configuration list for PBXNativeTarget "GIF Notifications" */;
			buildPhases = (
				764C36E91EBC832A00B7E9B9 /* Sources */,
				764C36EA1EBC832A00B7E9B9 /* Frameworks */,
				764C36EB1EBC832A00B7E9B9 /* Resources */,
			);
			buildRules = (
			);
			dependencies = (
			);
			name = "GIF Notifications";
			productName = "GIF Notifications";
			productReference = 764C36ED1EBC832A00B7E9B9 /* GIF Notifications.app */;
			productType = "com.apple.product-type.application";
		};
/* End PBXNativeTarget section */

/* Begin PBXProject section */
		764C36E51EBC832A00B7E9B9 /* Project object */ = {
			isa = PBXProject;
			attributes = {
				LastSwiftUpdateCheck = 0820;
				LastUpgradeCheck = 0820;
				ORGANIZATIONNAME = "Gagandeep Nagpal";
				TargetAttributes = {
					764C36EC1EBC832A00B7E9B9 = {
						CreatedOnToolsVersion = 8.2;
						DevelopmentTeam = JP9FFSKWS4;
						ProvisioningStyle = Automatic;
					};
				};
			};
			buildConfigurationList = 764C36E81EBC832A00B7E9B9 /* Build configuration list for PBXProject "GIF Notifications" */;
			compatibilityVersion = "Xcode 3.2";
			developmentRegion = English;
			hasScannedForEncodings = 0;
			knownRegions = (
				en,
				Base,
			);
			mainGroup = 764C36E41EBC832A00B7E9B9;
			productRefGroup = 764C36EE1EBC832A00B7E9B9 /* Products */;
			projectDirPath = "";
			projectRoot = "";
			targets = (
				764C36EC1EBC832A00B7E9B9 /* GIF Notifications */,
			);
		};
/* End PBXProject section */

/* Begin PBXResourcesBuildPhase section */
		764C36EB1EBC832A00B7E9B9 /* Resources */ = {
			isa = PBXResourcesBuildPhase;
			buildActionMask = 2147483647;
			files = (
				764C36FB1EBC832A00B7E9B9 /* LaunchScreen.storyboard in Resources */,
				76EB03951EBC8EDB00EFB3B3 /* gif3.gif in Resources */,
				764C36F81EBC832A00B7E9B9 /* Assets.xcassets in Resources */,
				76EB03941EBC8EDB00EFB3B3 /* gif2.gif in Resources */,
				764C36F61EBC832A00B7E9B9 /* Main.storyboard in Resources */,
				76EB03931EBC8EDB00EFB3B3 /* gif1.gif in Resources */,
				76EB03961EBC8EDB00EFB3B3 /* gif4.gif in Resources */,
				76EB039B1EBC938E00EFB3B3 /* gif7.gif in Resources */,
				76EB039A1EBC938E00EFB3B3 /* gif6.gif in Resources */,
				76EB03971EBC8EDB00EFB3B3 /* gif5.gif in Resources */,
			);
			runOnlyForDeploymentPostprocessing = 0;
		};
/* End PBXResourcesBuildPhase section */

/* Begin PBXSourcesBuildPhase section */
		764C36E91EBC832A00B7E9B9 /* Sources */ = {
			isa = PBXSourcesBuildPhase;
			buildActionMask = 2147483647;
			files = (
				764C36F31EBC832A00B7E9B9 /* ViewController.swift in Sources */,
				764C36F11EBC832A00B7E9B9 /* AppDelegate.swift in Sources */,
			);
			runOnlyForDeploymentPostprocessing = 0;
		};
/* End PBXSourcesBuildPhase section */

/* Begin PBXVariantGroup section */
		764C36F41EBC832A00B7E9B9 /* Main.storyboard */ = {
			isa = PBXVariantGroup;
			children = (
				764C36F51EBC832A00B7E9B9 /* Base */,
			);
			name = Main.storyboard;
			sourceTree = "<group>";
		};
		764C36F91EBC832A00B7E9B9 /* LaunchScreen.storyboard */ = {
			isa = PBXVariantGroup;
			children = (
				764C36FA1EBC832A00B7E9B9 /* Base */,
			);
			name = LaunchScreen.storyboard;
			sourceTree = "<group>";
		};
/* End PBXVariantGroup section */

/* Begin XCBuildConfiguration section */
		764C36FD1EBC832A00B7E9B9 /* Debug */ = {
			isa = XCBuildConfiguration;
			buildSettings = {
				ALWAYS_SEARCH_USER_PATHS = NO;
				CLANG_ANALYZER_NONNULL = YES;
				CLANG_CXX_LANGUAGE_STANDARD = "gnu++0x";
				CLANG_CXX_LIBRARY = "libc++";
				CLANG_ENABLE_MODULES = YES;
				CLANG_ENABLE_OBJC_ARC = YES;
				CLANG_WARN_BOOL_CONVERSION = YES;
				CLANG_WARN_CONSTANT_CONVERSION = YES;
				CLANG_WARN_DIRECT_OBJC_ISA_USAGE = YES_ERROR;
				CLANG_WARN_DOCUMENTATION_COMMENTS = YES;
				CLANG_WARN_EMPTY_BODY = YES;
				CLANG_WARN_ENUM_CONVERSION = YES;
				CLANG_WARN_INFINITE_RECURSION = YES;
				CLANG_WARN_INT_CONVERSION = YES;
				CLANG_WARN_OBJC_ROOT_CLASS = YES_ERROR;
				CLANG_WARN_SUSPICIOUS_MOVE = YES;
				CLANG_WARN_UNREACHABLE_CODE = YES;
				CLANG_WARN__DUPLICATE_METHOD_MATCH = YES;
				"CODE_SIGN_IDENTITY[sdk=iphoneos*]" = "iPhone Developer";
				COPY_PHASE_STRIP = NO;
				DEBUG_INFORMATION_FORMAT = dwarf;
				ENABLE_STRICT_OBJC_MSGSEND = YES;
				ENABLE_TESTABILITY = YES;
				GCC_C_LANGUAGE_STANDARD = gnu99;
				GCC_DYNAMIC_NO_PIC = NO;
				GCC_NO_COMMON_BLOCKS = YES;
				GCC_OPTIMIZATION_LEVEL = 0;
				GCC_PREPROCESSOR_DEFINITIONS = (
					"DEBUG=1",
					"$(inherited)",
				);
				GCC_WARN_64_TO_32_BIT_CONVERSION = YES;
				GCC_WARN_ABOUT_RETURN_TYPE = YES_ERROR;
				GCC_WARN_UNDECLARED_SELECTOR = YES;
				GCC_WARN_UNINITIALIZED_AUTOS = YES_AGGRESSIVE;
				GCC_WARN_UNUSED_FUNCTION = YES;
				GCC_WARN_UNUSED_VARIABLE = YES;
				IPHONEOS_DEPLOYMENT_TARGET = 10.2;
				MTL_ENABLE_DEBUG_INFO = YES;
				ONLY_ACTIVE_ARCH = YES;
				SDKROOT = iphoneos;
				SWIFT_ACTIVE_COMPILATION_CONDITIONS = DEBUG;
				SWIFT_OPTIMIZATION_LEVEL = "-Onone";
			};
			name = Debug;
		};
		764C36FE1EBC832A00B7E9B9 /* Release */ = {
			isa = XCBuildConfiguration;
			buildSettings = {
				ALWAYS_SEARCH_USER_PATHS = NO;
				CLANG_ANALYZER_NONNULL = YES;
				CLANG_CXX_LANGUAGE_STANDARD = "gnu++0x";
				CLANG_CXX_LIBRARY = "libc++";
				CLANG_ENABLE_MODULES = YES;
				CLANG_ENABLE_OBJC_ARC = YES;
				CLANG_WARN_BOOL_CONVERSION = YES;
				CLANG_WARN_CONSTANT_CONVERSION = YES;
				CLANG_WARN_DIRECT_OBJC_ISA_USAGE = YES_ERROR;
				CLANG_WARN_DOCUMENTATION_COMMENTS = YES;
				CLANG_WARN_EMPTY_BODY = YES;
				CLANG_WARN_ENUM_CONVERSION = YES;
				CLANG_WARN_INFINITE_RECURSION = YES;
				CLANG_WARN_INT_CONVERSION = YES;
				CLANG_WARN_OBJC_ROOT_CLASS = YES_ERROR;
				CLANG_WARN_SUSPICIOUS_MOVE = YES;
				CLANG_WARN_UNREACHABLE_CODE = YES;
				CLANG_WARN__DUPLICATE_METHOD_MATCH = YES;
				"CODE_SIGN_IDENTITY[sdk=iphoneos*]" = "iPhone Developer";
				COPY_PHASE_STRIP = NO;
				DEBUG_INFORMATION_FORMAT = "dwarf-with-dsym";
				ENABLE_NS_ASSERTIONS = NO;
				ENABLE_STRICT_OBJC_MSGSEND = YES;
				GCC_C_LANGUAGE_STANDARD = gnu99;
				GCC_NO_COMMON_BLOCKS = YES;
				GCC_WARN_64_TO_32_BIT_CONVERSION = YES;
				GCC_WARN_ABOUT_RETURN_TYPE = YES_ERROR;
				GCC_WARN_UNDECLARED_SELECTOR = YES;
				GCC_WARN_UNINITIALIZED_AUTOS = YES_AGGRESSIVE;
				GCC_WARN_UNUSED_FUNCTION = YES;
				GCC_WARN_UNUSED_VARIABLE = YES;
				IPHONEOS_DEPLOYMENT_TARGET = 10.2;
				MTL_ENABLE_DEBUG_INFO = NO;
				SDKROOT = iphoneos;
				SWIFT_OPTIMIZATION_LEVEL = "-Owholemodule";
				VALIDATE_PRODUCT = YES;
			};
			name = Release;
		};
		764C37001EBC832A00B7E9B9 /* Debug */ = {
			isa = XCBuildConfiguration;
			buildSettings = {
				ASSETCATALOG_COMPILER_APPICON_NAME = AppIcon;
				DEVELOPMENT_TEAM = JP9FFSKWS4;
				INFOPLIST_FILE = "GIF Notifications/Info.plist";
				IPHONEOS_DEPLOYMENT_TARGET = 10.3;
				LD_RUNPATH_SEARCH_PATHS = "$(inherited) @executable_path/Frameworks";
				PRODUCT_BUNDLE_IDENTIFIER = "com.gagan.GIF-Notifications";
				PRODUCT_NAME = "$(TARGET_NAME)";
				SWIFT_VERSION = 3.0;
			};
			name = Debug;
		};
		764C37011EBC832A00B7E9B9 /* Release */ = {
			isa = XCBuildConfiguration;
			buildSettings = {
				ASSETCATALOG_COMPILER_APPICON_NAME = AppIcon;
				DEVELOPMENT_TEAM = JP9FFSKWS4;
				INFOPLIST_FILE = "GIF Notifications/Info.plist";
				IPHONEOS_DEPLOYMENT_TARGET = 10.3;
				LD_RUNPATH_SEARCH_PATHS = "$(inherited) @executable_path/Frameworks";
				PRODUCT_BUNDLE_IDENTIFIER = "com.gagan.GIF-Notifications";
				PRODUCT_NAME = "$(TARGET_NAME)";
				SWIFT_VERSION = 3.0;
			};
			name = Release;
		};
/* End XCBuildConfiguration section */

/* Begin XCConfigurationList section */
		764C36E81EBC832A00B7E9B9 /* Build configuration list for PBXProject "GIF Notifications" */ = {
			isa = XCConfigurationList;
			buildConfigurations = (
				764C36FD1EBC832A00B7E9B9 /* Debug */,
				764C36FE1EBC832A00B7E9B9 /* Release */,
			);
			defaultConfigurationIsVisible = 0;
			defaultConfigurationName = Release;
		};
		764C36FF1EBC832A00B7E9B9 /* Build configuration list for PBXNativeTarget "GIF Notifications" */ = {
			isa = XCConfigurationList;
			buildConfigurations = (
				764C37001EBC832A00B7E9B9 /* Debug */,
				764C37011EBC832A00B7E9B9 /* Release */,
			);
			defaultConfigurationIsVisible = 0;
			defaultConfigurationName = Release;
		};
/* End XCConfigurationList section */
	};
	rootObject = 764C36E51EBC832A00B7E9B9 /* Project object */;
}
